
Microsoft Visual Studio Solution File, Format Version 12.00
# Visual Studio 2012
Project("{FAE04EC0-301F-11D3-BF4B-00C04F79EFBC}") = "capaPresentacion", "Empleados\capaPresentacion.csproj", "{FFD6E5BB-F42E-400D-9946-F2297F6688DD}"
EndProject
Project("{FAE04EC0-301F-11D3-BF4B-00C04F79EFBC}") = "capaDatos", "capaDatos\capaDatos.csproj", "{7798F31A-CF1A-44AF-9DC7-88251D1EF905}"
EndProject
Project("{FAE04EC0-301F-11D3-BF4B-00C04F79EFBC}") = "capaNegocio", "capaNegocio\capaNegocio.csproj", "{F999399E-1D84-4685-B4B8-EDB2FE7C4CEA}"
EndProject
Global
	GlobalSection(SolutionConfigurationPlatforms) = preSolution
		Debug|Any CPU = Debug|Any CPU
		Release|Any CPU = Release|Any CPU
	EndGlobalSection
	GlobalSection(ProjectConfigurationPlatforms) = postSolution
		{FFD6E5BB-F42E-400D-9946-F2297F6688DD}.Debug|Any CPU.ActiveCfg = Debug|Any CPU
		{FFD6E5BB-F42E-400D-9946-F2297F6688DD}.Debug|Any CPU.Build.0 = Debug|Any CPU
		{FFD6E5BB-F42E-400D-9946-F2297F6688DD}.Release|Any CPU.ActiveCfg = Release|Any CPU
		{FFD6E5BB-F42E-400D-9946-F2297F6688DD}.Release|Any CPU.Build.0 = Release|Any CPU
		{7798F31A-CF1A-44AF-9DC7-88251D1EF905}.Debug|Any CPU.ActiveCfg = Debug|Any CPU
		{7798F31A-CF1A-44AF-9DC7-88251D1EF905}.Debug|Any CPU.Build.0 = Debug|Any CPU
		{7798F31A-CF1A-44AF-9DC7-88251D1EF905}.Release|Any CPU.ActiveCfg = Release|Any CPU
		{7798F31A-CF1A-44AF-9DC7-88251D1EF905}.Release|Any CPU.Build.0 = Release|Any CPU
		{F999399E-1D84-4685-B4B8-EDB2FE7C4CEA}.Debug|Any CPU.ActiveCfg = Debug|Any CPU
		{F999399E-1D84-4685-B4B8-EDB2FE7C4CEA}.Debug|Any CPU.Build.0 = Debug|Any CPU
		{F999399E-1D84-4685-B4B8-EDB2FE7C4CEA}.Release|Any CPU.ActiveCfg = Release|Any CPU
		{F999399E-1D84-4685-B4B8-EDB2FE7C4CEA}.Release|Any CPU.Build.0 = Release|Any CPU
	EndGlobalSection
	GlobalSection(SolutionProperties) = preSolution
		HideSolutionNode = FALSE
	EndGlobalSection
EndGlobal
